
Microsoft Visual Studio Solution File, Format Version 10.00
# Visual Studio 2008
Project("{FAE04EC0-301F-11D3-BF4B-00C04F79EFBC}") = "非生产领料", "后工发料\非生产领料.csproj", "{D2E9348E-F880-4AA0-AD39-299B95C9C119}"
EndProject
Global
	GlobalSection(SolutionConfigurationPlatforms) = preSolution
		Debug|Any CPU = Debug|Any CPU
		Release|Any CPU = Release|Any CPU
	EndGlobalSection
	GlobalSection(ProjectConfigurationPlatforms) = postSolution
		{D2E9348E-F880-4AA0-AD39-299B95C9C119}.Debug|Any CPU.ActiveCfg = Debug|Any CPU
		{D2E9348E-F880-4AA0-AD39-299B95C9C119}.Debug|Any CPU.Build.0 = Debug|Any CPU
		{D2E9348E-F880-4AA0-AD39-299B95C9C119}.Release|Any CPU.ActiveCfg = Release|Any CPU
		{D2E9348E-F880-4AA0-AD39-299B95C9C119}.Release|Any CPU.Build.0 = Release|Any CPU
	EndGlobalSection
	GlobalSection(SolutionProperties) = preSolution
		HideSolutionNode = FALSE
	EndGlobalSection
EndGlobal
